// !$*UTF8*$!
{
	archiveVersion = 1;
	classes = {
	};
	objectVersion = 50;
	objects = {

/* Begin PBXBuildFile section */
		180758542306A762002DD4F9 /* NetworkLogger.swift in Sources */ = {isa = PBXBuildFile; fileRef = 180758532306A762002DD4F9 /* NetworkLogger.swift */; };
		181AFE5223068C47002F6F79 /* HTTPMethod.swift in Sources */ = {isa = PBXBuildFile; fileRef = 181AFE5123068C47002F6F79 /* HTTPMethod.swift */; };
		181AFE5423068CA4002F6F79 /* HTTPTask.swift in Sources */ = {isa = PBXBuildFile; fileRef = 181AFE5323068CA4002F6F79 /* HTTPTask.swift */; };
		181AFE5623068CD5002F6F79 /* Router.swift in Sources */ = {isa = PBXBuildFile; fileRef = 181AFE5523068CD5002F6F79 /* Router.swift */; };
		181AFE5923068D27002F6F79 /* ParameterEncoding.swift in Sources */ = {isa = PBXBuildFile; fileRef = 181AFE5823068D27002F6F79 /* ParameterEncoding.swift */; };
		181AFE5B23068D52002F6F79 /* URLParameterEncoding.swift in Sources */ = {isa = PBXBuildFile; fileRef = 181AFE5A23068D52002F6F79 /* URLParameterEncoding.swift */; };
		181AFE5D23068D77002F6F79 /* JSONParameterEncoding.swift in Sources */ = {isa = PBXBuildFile; fileRef = 181AFE5C23068D77002F6F79 /* JSONParameterEncoding.swift */; };
		181AFE5F23068D96002F6F79 /* EndpointType.swift in Sources */ = {isa = PBXBuildFile; fileRef = 181AFE5E23068D96002F6F79 /* EndpointType.swift */; };
		181AFE6223068F16002F6F79 /* ContactEndPoint.swift in Sources */ = {isa = PBXBuildFile; fileRef = 181AFE6123068F16002F6F79 /* ContactEndPoint.swift */; };
		181AFE65230694A8002F6F79 /* NetworkManager.swift in Sources */ = {isa = PBXBuildFile; fileRef = 181AFE64230694A8002F6F79 /* NetworkManager.swift */; };
		18D2A7462305736D0036C842 /* AppDelegate.swift in Sources */ = {isa = PBXBuildFile; fileRef = 18D2A7452305736D0036C842 /* AppDelegate.swift */; };
		18D2A7482305736D0036C842 /* ViewController.swift in Sources */ = {isa = PBXBuildFile; fileRef = 18D2A7472305736D0036C842 /* ViewController.swift */; };
		18D2A74B2305736D0036C842 /* Main.storyboard in Resources */ = {isa = PBXBuildFile; fileRef = 18D2A7492305736D0036C842 /* Main.storyboard */; };
		18D2A74D2305736E0036C842 /* Assets.xcassets in Resources */ = {isa = PBXBuildFile; fileRef = 18D2A74C2305736E0036C842 /* Assets.xcassets */; };
		18D2A7502305736E0036C842 /* LaunchScreen.storyboard in Resources */ = {isa = PBXBuildFile; fileRef = 18D2A74E2305736E0036C842 /* LaunchScreen.storyboard */; };
		18D2A75B2305736E0036C842 /* ContactDemoTests.swift in Sources */ = {isa = PBXBuildFile; fileRef = 18D2A75A2305736E0036C842 /* ContactDemoTests.swift */; };
		18D2A7662305736E0036C842 /* ContactDemoUITests.swift in Sources */ = {isa = PBXBuildFile; fileRef = 18D2A7652305736E0036C842 /* ContactDemoUITests.swift */; };
		18D2A777230575780036C842 /* .gitignore in Resources */ = {isa = PBXBuildFile; fileRef = 18D2A776230575780036C842 /* .gitignore */; };
		18D2A77B230578C20036C842 /* ContactListController.swift in Sources */ = {isa = PBXBuildFile; fileRef = 18D2A77A230578C20036C842 /* ContactListController.swift */; };
		18D2A78A23057DF20036C842 /* SFUIText-MediumItalic.ttf in Resources */ = {isa = PBXBuildFile; fileRef = 18D2A77E23057DF10036C842 /* SFUIText-MediumItalic.ttf */; };
		18D2A78B23057DF20036C842 /* SFUIText-SemiboldItalic.ttf in Resources */ = {isa = PBXBuildFile; fileRef = 18D2A77F23057DF10036C842 /* SFUIText-SemiboldItalic.ttf */; };
		18D2A78C23057DF20036C842 /* SFUIText-Regular.ttf in Resources */ = {isa = PBXBuildFile; fileRef = 18D2A78023057DF10036C842 /* SFUIText-Regular.ttf */; };
		18D2A78D23057DF20036C842 /* SFUIText-Light.ttf in Resources */ = {isa = PBXBuildFile; fileRef = 18D2A78123057DF10036C842 /* SFUIText-Light.ttf */; };
		18D2A78E23057DF20036C842 /* SFUIText-RegularItalic.ttf in Resources */ = {isa = PBXBuildFile; fileRef = 18D2A78223057DF10036C842 /* SFUIText-RegularItalic.ttf */; };
		18D2A78F23057DF20036C842 /* SFUIText-Semibold.ttf in Resources */ = {isa = PBXBuildFile; fileRef = 18D2A78323057DF10036C842 /* SFUIText-Semibold.ttf */; };
		18D2A79023057DF20036C842 /* SFUIText-HeavyItalic.ttf in Resources */ = {isa = PBXBuildFile; fileRef = 18D2A78423057DF10036C842 /* SFUIText-HeavyItalic.ttf */; };
		18D2A79123057DF20036C842 /* SFUIText-LightItalic.ttf in Resources */ = {isa = PBXBuildFile; fileRef = 18D2A78523057DF10036C842 /* SFUIText-LightItalic.ttf */; };
		18D2A79223057DF20036C842 /* SFUIText-BoldItalic.ttf in Resources */ = {isa = PBXBuildFile; fileRef = 18D2A78623057DF20036C842 /* SFUIText-BoldItalic.ttf */; };
		18D2A79323057DF20036C842 /* SFUIText-Bold.ttf in Resources */ = {isa = PBXBuildFile; fileRef = 18D2A78723057DF20036C842 /* SFUIText-Bold.ttf */; };
		18D2A79423057DF20036C842 /* SFUIText-Heavy.ttf in Resources */ = {isa = PBXBuildFile; fileRef = 18D2A78823057DF20036C842 /* SFUIText-Heavy.ttf */; };
		18D2A79523057DF20036C842 /* SFUIText-Medium.ttf in Resources */ = {isa = PBXBuildFile; fileRef = 18D2A78923057DF20036C842 /* SFUIText-Medium.ttf */; };
		18D2A79823058E960036C842 /* ColorExtension.swift in Sources */ = {isa = PBXBuildFile; fileRef = 18D2A79723058E960036C842 /* ColorExtension.swift */; };
		18D2A79B230590990036C842 /* Constant.swift in Sources */ = {isa = PBXBuildFile; fileRef = 18D2A79A230590990036C842 /* Constant.swift */; };
		18D2A79D2305A6F90036C842 /* CustomExtensions.swift in Sources */ = {isa = PBXBuildFile; fileRef = 18D2A79C2305A6F90036C842 /* CustomExtensions.swift */; };
		18D2A7A02305A9170036C842 /* ContactListingTableViewCell.swift in Sources */ = {isa = PBXBuildFile; fileRef = 18D2A79F2305A9170036C842 /* ContactListingTableViewCell.swift */; };
		18D2A7A22305A9600036C842 /* UIView+Anchors.swift in Sources */ = {isa = PBXBuildFile; fileRef = 18D2A7A12305A9600036C842 /* UIView+Anchors.swift */; };
/* End PBXBuildFile section */

/* Begin PBXContainerItemProxy section */
		18D2A7572305736E0036C842 /* PBXContainerItemProxy */ = {
			isa = PBXContainerItemProxy;
			containerPortal = 18D2A73A2305736D0036C842 /* Project object */;
			proxyType = 1;
			remoteGlobalIDString = 18D2A7412305736D0036C842;
			remoteInfo = ContactDemo;
		};
		18D2A7622305736E0036C842 /* PBXContainerItemProxy */ = {
			isa = PBXContainerItemProxy;
			containerPortal = 18D2A73A2305736D0036C842 /* Project object */;
			proxyType = 1;
			remoteGlobalIDString = 18D2A7412305736D0036C842;
			remoteInfo = ContactDemo;
		};
/* End PBXContainerItemProxy section */

/* Begin PBXFileReference section */
		180758532306A762002DD4F9 /* NetworkLogger.swift */ = {isa = PBXFileReference; lastKnownFileType = sourcecode.swift; path = NetworkLogger.swift; sourceTree = "<group>"; };
		181AFE5123068C47002F6F79 /* HTTPMethod.swift */ = {isa = PBXFileReference; lastKnownFileType = sourcecode.swift; path = HTTPMethod.swift; sourceTree = "<group>"; };
		181AFE5323068CA4002F6F79 /* HTTPTask.swift */ = {isa = PBXFileReference; lastKnownFileType = sourcecode.swift; path = HTTPTask.swift; sourceTree = "<group>"; };
		181AFE5523068CD5002F6F79 /* Router.swift */ = {isa = PBXFileReference; lastKnownFileType = sourcecode.swift; path = Router.swift; sourceTree = "<group>"; };
		181AFE5823068D27002F6F79 /* ParameterEncoding.swift */ = {isa = PBXFileReference; lastKnownFileType = sourcecode.swift; path = ParameterEncoding.swift; sourceTree = "<group>"; };
		181AFE5A23068D52002F6F79 /* URLParameterEncoding.swift */ = {isa = PBXFileReference; lastKnownFileType = sourcecode.swift; path = URLParameterEncoding.swift; sourceTree = "<group>"; };
		181AFE5C23068D77002F6F79 /* JSONParameterEncoding.swift */ = {isa = PBXFileReference; lastKnownFileType = sourcecode.swift; path = JSONParameterEncoding.swift; sourceTree = "<group>"; };
		181AFE5E23068D96002F6F79 /* EndpointType.swift */ = {isa = PBXFileReference; lastKnownFileType = sourcecode.swift; path = EndpointType.swift; sourceTree = "<group>"; };
		181AFE6123068F16002F6F79 /* ContactEndPoint.swift */ = {isa = PBXFileReference; lastKnownFileType = sourcecode.swift; path = ContactEndPoint.swift; sourceTree = "<group>"; };
		181AFE64230694A8002F6F79 /* NetworkManager.swift */ = {isa = PBXFileReference; lastKnownFileType = sourcecode.swift; path = NetworkManager.swift; sourceTree = "<group>"; };
		18D2A7422305736D0036C842 /* ContactDemo.app */ = {isa = PBXFileReference; explicitFileType = wrapper.application; includeInIndex = 0; path = ContactDemo.app; sourceTree = BUILT_PRODUCTS_DIR; };
		18D2A7452305736D0036C842 /* AppDelegate.swift */ = {isa = PBXFileReference; lastKnownFileType = sourcecode.swift; path = AppDelegate.swift; sourceTree = "<group>"; };
		18D2A7472305736D0036C842 /* ViewController.swift */ = {isa = PBXFileReference; lastKnownFileType = sourcecode.swift; path = ViewController.swift; sourceTree = "<group>"; };
		18D2A74A2305736D0036C842 /* Base */ = {isa = PBXFileReference; lastKnownFileType = file.storyboard; name = Base; path = Base.lproj/Main.storyboard; sourceTree = "<group>"; };
		18D2A74C2305736E0036C842 /* Assets.xcassets */ = {isa = PBXFileReference; lastKnownFileType = folder.assetcatalog; path = Assets.xcassets; sourceTree = "<group>"; };
		18D2A74F2305736E0036C842 /* Base */ = {isa = PBXFileReference; lastKnownFileType = file.storyboard; name = Base; path = Base.lproj/LaunchScreen.storyboard; sourceTree = "<group>"; };
		18D2A7512305736E0036C842 /* Info.plist */ = {isa = PBXFileReference; lastKnownFileType = text.plist.xml; path = Info.plist; sourceTree = "<group>"; };
		18D2A7562305736E0036C842 /* ContactDemoTests.xctest */ = {isa = PBXFileReference; explicitFileType = wrapper.cfbundle; includeInIndex = 0; path = ContactDemoTests.xctest; sourceTree = BUILT_PRODUCTS_DIR; };
		18D2A75A2305736E0036C842 /* ContactDemoTests.swift */ = {isa = PBXFileReference; lastKnownFileType = sourcecode.swift; path = ContactDemoTests.swift; sourceTree = "<group>"; };
		18D2A75C2305736E0036C842 /* Info.plist */ = {isa = PBXFileReference; lastKnownFileType = text.plist.xml; path = Info.plist; sourceTree = "<group>"; };
		18D2A7612305736E0036C842 /* ContactDemoUITests.xctest */ = {isa = PBXFileReference; explicitFileType = wrapper.cfbundle; includeInIndex = 0; path = ContactDemoUITests.xctest; sourceTree = BUILT_PRODUCTS_DIR; };
		18D2A7652305736E0036C842 /* ContactDemoUITests.swift */ = {isa = PBXFileReference; lastKnownFileType = sourcecode.swift; path = ContactDemoUITests.swift; sourceTree = "<group>"; };
		18D2A7672305736E0036C842 /* Info.plist */ = {isa = PBXFileReference; lastKnownFileType = text.plist.xml; path = Info.plist; sourceTree = "<group>"; };
		18D2A776230575780036C842 /* .gitignore */ = {isa = PBXFileReference; lastKnownFileType = text; path = .gitignore; sourceTree = "<group>"; };
		18D2A77A230578C20036C842 /* ContactListController.swift */ = {isa = PBXFileReference; lastKnownFileType = sourcecode.swift; path = ContactListController.swift; sourceTree = "<group>"; };
		18D2A77E23057DF10036C842 /* SFUIText-MediumItalic.ttf */ = {isa = PBXFileReference; lastKnownFileType = file; path = "SFUIText-MediumItalic.ttf"; sourceTree = "<group>"; };
		18D2A77F23057DF10036C842 /* SFUIText-SemiboldItalic.ttf */ = {isa = PBXFileReference; lastKnownFileType = file; path = "SFUIText-SemiboldItalic.ttf"; sourceTree = "<group>"; };
		18D2A78023057DF10036C842 /* SFUIText-Regular.ttf */ = {isa = PBXFileReference; lastKnownFileType = file; path = "SFUIText-Regular.ttf"; sourceTree = "<group>"; };
		18D2A78123057DF10036C842 /* SFUIText-Light.ttf */ = {isa = PBXFileReference; lastKnownFileType = file; path = "SFUIText-Light.ttf"; sourceTree = "<group>"; };
		18D2A78223057DF10036C842 /* SFUIText-RegularItalic.ttf */ = {isa = PBXFileReference; lastKnownFileType = file; path = "SFUIText-RegularItalic.ttf"; sourceTree = "<group>"; };
		18D2A78323057DF10036C842 /* SFUIText-Semibold.ttf */ = {isa = PBXFileReference; lastKnownFileType = file; path = "SFUIText-Semibold.ttf"; sourceTree = "<group>"; };
		18D2A78423057DF10036C842 /* SFUIText-HeavyItalic.ttf */ = {isa = PBXFileReference; lastKnownFileType = file; path = "SFUIText-HeavyItalic.ttf"; sourceTree = "<group>"; };
		18D2A78523057DF10036C842 /* SFUIText-LightItalic.ttf */ = {isa = PBXFileReference; lastKnownFileType = file; path = "SFUIText-LightItalic.ttf"; sourceTree = "<group>"; };
		18D2A78623057DF20036C842 /* SFUIText-BoldItalic.ttf */ = {isa = PBXFileReference; lastKnownFileType = file; path = "SFUIText-BoldItalic.ttf"; sourceTree = "<group>"; };
		18D2A78723057DF20036C842 /* SFUIText-Bold.ttf */ = {isa = PBXFileReference; lastKnownFileType = file; path = "SFUIText-Bold.ttf"; sourceTree = "<group>"; };
		18D2A78823057DF20036C842 /* SFUIText-Heavy.ttf */ = {isa = PBXFileReference; lastKnownFileType = file; path = "SFUIText-Heavy.ttf"; sourceTree = "<group>"; };
		18D2A78923057DF20036C842 /* SFUIText-Medium.ttf */ = {isa = PBXFileReference; lastKnownFileType = file; path = "SFUIText-Medium.ttf"; sourceTree = "<group>"; };
		18D2A79723058E960036C842 /* ColorExtension.swift */ = {isa = PBXFileReference; lastKnownFileType = sourcecode.swift; path = ColorExtension.swift; sourceTree = "<group>"; };
		18D2A79A230590990036C842 /* Constant.swift */ = {isa = PBXFileReference; lastKnownFileType = sourcecode.swift; path = Constant.swift; sourceTree = "<group>"; };
		18D2A79C2305A6F90036C842 /* CustomExtensions.swift */ = {isa = PBXFileReference; lastKnownFileType = sourcecode.swift; path = CustomExtensions.swift; sourceTree = "<group>"; };
		18D2A79F2305A9170036C842 /* ContactListingTableViewCell.swift */ = {isa = PBXFileReference; lastKnownFileType = sourcecode.swift; path = ContactListingTableViewCell.swift; sourceTree = "<group>"; };
		18D2A7A12305A9600036C842 /* UIView+Anchors.swift */ = {isa = PBXFileReference; lastKnownFileType = sourcecode.swift; path = "UIView+Anchors.swift"; sourceTree = "<group>"; };
/* End PBXFileReference section */

/* Begin PBXFrameworksBuildPhase section */
		18D2A73F2305736D0036C842 /* Frameworks */ = {
			isa = PBXFrameworksBuildPhase;
			buildActionMask = 2147483647;
			files = (
			);
			runOnlyForDeploymentPostprocessing = 0;
		};
		18D2A7532305736E0036C842 /* Frameworks */ = {
			isa = PBXFrameworksBuildPhase;
			buildActionMask = 2147483647;
			files = (
			);
			runOnlyForDeploymentPostprocessing = 0;
		};
		18D2A75E2305736E0036C842 /* Frameworks */ = {
			isa = PBXFrameworksBuildPhase;
			buildActionMask = 2147483647;
			files = (
			);
			runOnlyForDeploymentPostprocessing = 0;
		};
/* End PBXFrameworksBuildPhase section */

/* Begin PBXGroup section */
		181AFE4E23068BF3002F6F79 /* Services */ = {
			isa = PBXGroup;
			children = (
				181AFE5123068C47002F6F79 /* HTTPMethod.swift */,
				181AFE5323068CA4002F6F79 /* HTTPTask.swift */,
				181AFE5523068CD5002F6F79 /* Router.swift */,
				181AFE5E23068D96002F6F79 /* EndpointType.swift */,
				180758532306A762002DD4F9 /* NetworkLogger.swift */,
			);
			path = Services;
			sourceTree = "<group>";
		};
		181AFE5723068D0A002F6F79 /* Encoding */ = {
			isa = PBXGroup;
			children = (
				181AFE5823068D27002F6F79 /* ParameterEncoding.swift */,
				181AFE5A23068D52002F6F79 /* URLParameterEncoding.swift */,
				181AFE5C23068D77002F6F79 /* JSONParameterEncoding.swift */,
			);
			path = Encoding;
			sourceTree = "<group>";
		};
		181AFE6023068EFC002F6F79 /* EndPoint */ = {
			isa = PBXGroup;
			children = (
				181AFE6123068F16002F6F79 /* ContactEndPoint.swift */,
			);
			path = EndPoint;
			sourceTree = "<group>";
		};
		181AFE6323069494002F6F79 /* Manager */ = {
			isa = PBXGroup;
			children = (
				181AFE64230694A8002F6F79 /* NetworkManager.swift */,
			);
			path = Manager;
			sourceTree = "<group>";
		};
		18D2A7392305736D0036C842 = {
			isa = PBXGroup;
			children = (
				18D2A7442305736D0036C842 /* ContactDemo */,
				18D2A7592305736E0036C842 /* ContactDemoTests */,
				18D2A7642305736E0036C842 /* ContactDemoUITests */,
				18D2A7432305736D0036C842 /* Products */,
			);
			sourceTree = "<group>";
		};
		18D2A7432305736D0036C842 /* Products */ = {
			isa = PBXGroup;
			children = (
				18D2A7422305736D0036C842 /* ContactDemo.app */,
				18D2A7562305736E0036C842 /* ContactDemoTests.xctest */,
				18D2A7612305736E0036C842 /* ContactDemoUITests.xctest */,
			);
			name = Products;
			sourceTree = "<group>";
		};
		18D2A7442305736D0036C842 /* ContactDemo */ = {
			isa = PBXGroup;
			children = (
				18D2A7A32305CE760036C842 /* Networking */,
				18D2A799230590890036C842 /* Constant */,
				18D2A79623058E730036C842 /* Utilities */,
				18D2A779230578830036C842 /* ViewController */,
				18D2A7782305787A0036C842 /* View */,
				18D2A77D23057DD00036C842 /* Fonts */,
				18D2A77C230579480036C842 /* Resources */,
				18D2A7732305754D0036C842 /* Git */,
				18D2A7472305736D0036C842 /* ViewController.swift */,
				18D2A7512305736E0036C842 /* Info.plist */,
			);
			path = ContactDemo;
			sourceTree = "<group>";
		};
		18D2A7592305736E0036C842 /* ContactDemoTests */ = {
			isa = PBXGroup;
			children = (
				18D2A75A2305736E0036C842 /* ContactDemoTests.swift */,
				18D2A75C2305736E0036C842 /* Info.plist */,
			);
			path = ContactDemoTests;
			sourceTree = "<group>";
		};
		18D2A7642305736E0036C842 /* ContactDemoUITests */ = {
			isa = PBXGroup;
			children = (
				18D2A7652305736E0036C842 /* ContactDemoUITests.swift */,
				18D2A7672305736E0036C842 /* Info.plist */,
			);
			path = ContactDemoUITests;
			sourceTree = "<group>";
		};
		18D2A7732305754D0036C842 /* Git */ = {
			isa = PBXGroup;
			children = (
				18D2A776230575780036C842 /* .gitignore */,
			);
			path = Git;
			sourceTree = "<group>";
		};
		18D2A7782305787A0036C842 /* View */ = {
			isa = PBXGroup;
			children = (
				18D2A79E2305A8740036C842 /* ContactListTableViewCell */,
			);
			path = View;
			sourceTree = "<group>";
		};
		18D2A779230578830036C842 /* ViewController */ = {
			isa = PBXGroup;
			children = (
				18D2A77A230578C20036C842 /* ContactListController.swift */,
			);
			path = ViewController;
			sourceTree = "<group>";
		};
		18D2A77C230579480036C842 /* Resources */ = {
			isa = PBXGroup;
			children = (
				18D2A74E2305736E0036C842 /* LaunchScreen.storyboard */,
				18D2A74C2305736E0036C842 /* Assets.xcassets */,
				18D2A7492305736D0036C842 /* Main.storyboard */,
				18D2A7452305736D0036C842 /* AppDelegate.swift */,
			);
			path = Resources;
			sourceTree = "<group>";
		};
		18D2A77D23057DD00036C842 /* Fonts */ = {
			isa = PBXGroup;
			children = (
				18D2A78723057DF20036C842 /* SFUIText-Bold.ttf */,
				18D2A78623057DF20036C842 /* SFUIText-BoldItalic.ttf */,
				18D2A78823057DF20036C842 /* SFUIText-Heavy.ttf */,
				18D2A78423057DF10036C842 /* SFUIText-HeavyItalic.ttf */,
				18D2A78123057DF10036C842 /* SFUIText-Light.ttf */,
				18D2A78523057DF10036C842 /* SFUIText-LightItalic.ttf */,
				18D2A78923057DF20036C842 /* SFUIText-Medium.ttf */,
				18D2A77E23057DF10036C842 /* SFUIText-MediumItalic.ttf */,
				18D2A78023057DF10036C842 /* SFUIText-Regular.ttf */,
				18D2A78223057DF10036C842 /* SFUIText-RegularItalic.ttf */,
				18D2A78323057DF10036C842 /* SFUIText-Semibold.ttf */,
				18D2A77F23057DF10036C842 /* SFUIText-SemiboldItalic.ttf */,
			);
			path = Fonts;
			sourceTree = "<group>";
		};
		18D2A79623058E730036C842 /* Utilities */ = {
			isa = PBXGroup;
			children = (
				18D2A79723058E960036C842 /* ColorExtension.swift */,
				18D2A79C2305A6F90036C842 /* CustomExtensions.swift */,
				18D2A7A12305A9600036C842 /* UIView+Anchors.swift */,
			);
			path = Utilities;
			sourceTree = "<group>";
		};
		18D2A799230590890036C842 /* Constant */ = {
			isa = PBXGroup;
			children = (
				18D2A79A230590990036C842 /* Constant.swift */,
			);
			path = Constant;
			sourceTree = "<group>";
		};
		18D2A79E2305A8740036C842 /* ContactListTableViewCell */ = {
			isa = PBXGroup;
			children = (
				18D2A79F2305A9170036C842 /* ContactListingTableViewCell.swift */,
			);
			path = ContactListTableViewCell;
			sourceTree = "<group>";
		};
		18D2A7A32305CE760036C842 /* Networking */ = {
			isa = PBXGroup;
			children = (
				181AFE6323069494002F6F79 /* Manager */,
				181AFE6023068EFC002F6F79 /* EndPoint */,
				181AFE5723068D0A002F6F79 /* Encoding */,
				181AFE4E23068BF3002F6F79 /* Services */,
			);
			path = Networking;
			sourceTree = "<group>";
		};
/* End PBXGroup section */

/* Begin PBXNativeTarget section */
		18D2A7412305736D0036C842 /* ContactDemo */ = {
			isa = PBXNativeTarget;
			buildConfigurationList = 18D2A76A2305736E0036C842 /* Build configuration list for PBXNativeTarget "ContactDemo" */;
			buildPhases = (
				18D2A73E2305736D0036C842 /* Sources */,
				18D2A73F2305736D0036C842 /* Frameworks */,
				18D2A7402305736D0036C842 /* Resources */,
			);
			buildRules = (
			);
			dependencies = (
			);
			name = ContactDemo;
			productName = ContactDemo;
			productReference = 18D2A7422305736D0036C842 /* ContactDemo.app */;
			productType = "com.apple.product-type.application";
		};
		18D2A7552305736E0036C842 /* ContactDemoTests */ = {
			isa = PBXNativeTarget;
			buildConfigurationList = 18D2A76D2305736E0036C842 /* Build configuration list for PBXNativeTarget "ContactDemoTests" */;
			buildPhases = (
				18D2A7522305736E0036C842 /* Sources */,
				18D2A7532305736E0036C842 /* Frameworks */,
				18D2A7542305736E0036C842 /* Resources */,
			);
			buildRules = (
			);
			dependencies = (
				18D2A7582305736E0036C842 /* PBXTargetDependency */,
			);
			name = ContactDemoTests;
			productName = ContactDemoTests;
			productReference = 18D2A7562305736E0036C842 /* ContactDemoTests.xctest */;
			productType = "com.apple.product-type.bundle.unit-test";
		};
		18D2A7602305736E0036C842 /* ContactDemoUITests */ = {
			isa = PBXNativeTarget;
			buildConfigurationList = 18D2A7702305736E0036C842 /* Build configuration list for PBXNativeTarget "ContactDemoUITests" */;
			buildPhases = (
				18D2A75D2305736E0036C842 /* Sources */,
				18D2A75E2305736E0036C842 /* Frameworks */,
				18D2A75F2305736E0036C842 /* Resources */,
			);
			buildRules = (
			);
			dependencies = (
				18D2A7632305736E0036C842 /* PBXTargetDependency */,
			);
			name = ContactDemoUITests;
			productName = ContactDemoUITests;
			productReference = 18D2A7612305736E0036C842 /* ContactDemoUITests.xctest */;
			productType = "com.apple.product-type.bundle.ui-testing";
		};
/* End PBXNativeTarget section */

/* Begin PBXProject section */
		18D2A73A2305736D0036C842 /* Project object */ = {
			isa = PBXProject;
			attributes = {
				LastSwiftUpdateCheck = 1020;
				LastUpgradeCheck = 1020;
				ORGANIZATIONNAME = "Shivam Saxena";
				TargetAttributes = {
					18D2A7412305736D0036C842 = {
						CreatedOnToolsVersion = 10.2;
					};
					18D2A7552305736E0036C842 = {
						CreatedOnToolsVersion = 10.2;
						TestTargetID = 18D2A7412305736D0036C842;
					};
					18D2A7602305736E0036C842 = {
						CreatedOnToolsVersion = 10.2;
						TestTargetID = 18D2A7412305736D0036C842;
					};
				};
			};
			buildConfigurationList = 18D2A73D2305736D0036C842 /* Build configuration list for PBXProject "ContactDemo" */;
			compatibilityVersion = "Xcode 9.3";
			developmentRegion = en;
			hasScannedForEncodings = 0;
			knownRegions = (
				en,
				Base,
			);
			mainGroup = 18D2A7392305736D0036C842;
			productRefGroup = 18D2A7432305736D0036C842 /* Products */;
			projectDirPath = "";
			projectRoot = "";
			targets = (
				18D2A7412305736D0036C842 /* ContactDemo */,
				18D2A7552305736E0036C842 /* ContactDemoTests */,
				18D2A7602305736E0036C842 /* ContactDemoUITests */,
			);
		};
/* End PBXProject section */

/* Begin PBXResourcesBuildPhase section */
		18D2A7402305736D0036C842 /* Resources */ = {
			isa = PBXResourcesBuildPhase;
			buildActionMask = 2147483647;
			files = (
				18D2A78A23057DF20036C842 /* SFUIText-MediumItalic.ttf in Resources */,
				18D2A777230575780036C842 /* .gitignore in Resources */,
				18D2A7502305736E0036C842 /* LaunchScreen.storyboard in Resources */,
				18D2A78B23057DF20036C842 /* SFUIText-SemiboldItalic.ttf in Resources */,
				18D2A78E23057DF20036C842 /* SFUIText-RegularItalic.ttf in Resources */,
				18D2A78F23057DF20036C842 /* SFUIText-Semibold.ttf in Resources */,
				18D2A78C23057DF20036C842 /* SFUIText-Regular.ttf in Resources */,
				18D2A79323057DF20036C842 /* SFUIText-Bold.ttf in Resources */,
				18D2A79023057DF20036C842 /* SFUIText-HeavyItalic.ttf in Resources */,
				18D2A79523057DF20036C842 /* SFUIText-Medium.ttf in Resources */,
				18D2A74D2305736E0036C842 /* Assets.xcassets in Resources */,
				18D2A79223057DF20036C842 /* SFUIText-BoldItalic.ttf in Resources */,
				18D2A74B2305736D0036C842 /* Main.storyboard in Resources */,
				18D2A78D23057DF20036C842 /* SFUIText-Light.ttf in Resources */,
				18D2A79123057DF20036C842 /* SFUIText-LightItalic.ttf in Resources */,
				18D2A79423057DF20036C842 /* SFUIText-Heavy.ttf in Resources */,
			);
			runOnlyForDeploymentPostprocessing = 0;
		};
		18D2A7542305736E0036C842 /* Resources */ = {
			isa = PBXResourcesBuildPhase;
			buildActionMask = 2147483647;
			files = (
			);
			runOnlyForDeploymentPostprocessing = 0;
		};
		18D2A75F2305736E0036C842 /* Resources */ = {
			isa = PBXResourcesBuildPhase;
			buildActionMask = 2147483647;
			files = (
			);
			runOnlyForDeploymentPostprocessing = 0;
		};
/* End PBXResourcesBuildPhase section */

/* Begin PBXSourcesBuildPhase section */
		18D2A73E2305736D0036C842 /* Sources */ = {
			isa = PBXSourcesBuildPhase;
			buildActionMask = 2147483647;
			files = (
				181AFE5F23068D96002F6F79 /* EndpointType.swift in Sources */,
				18D2A79D2305A6F90036C842 /* CustomExtensions.swift in Sources */,
				18D2A7A22305A9600036C842 /* UIView+Anchors.swift in Sources */,
				181AFE5D23068D77002F6F79 /* JSONParameterEncoding.swift in Sources */,
				18D2A7482305736D0036C842 /* ViewController.swift in Sources */,
				181AFE5623068CD5002F6F79 /* Router.swift in Sources */,
				180758542306A762002DD4F9 /* NetworkLogger.swift in Sources */,
				18D2A77B230578C20036C842 /* ContactListController.swift in Sources */,
				181AFE5B23068D52002F6F79 /* URLParameterEncoding.swift in Sources */,
				18D2A7A02305A9170036C842 /* ContactListingTableViewCell.swift in Sources */,
				181AFE5923068D27002F6F79 /* ParameterEncoding.swift in Sources */,
				181AFE65230694A8002F6F79 /* NetworkManager.swift in Sources */,
				18D2A79B230590990036C842 /* Constant.swift in Sources */,
				181AFE5423068CA4002F6F79 /* HTTPTask.swift in Sources */,
				18D2A7462305736D0036C842 /* AppDelegate.swift in Sources */,
				181AFE6223068F16002F6F79 /* ContactEndPoint.swift in Sources */,
				181AFE5223068C47002F6F79 /* HTTPMethod.swift in Sources */,
				18D2A79823058E960036C842 /* ColorExtension.swift in Sources */,
			);
			runOnlyForDeploymentPostprocessing = 0;
		};
		18D2A7522305736E0036C842 /* Sources */ = {
			isa = PBXSourcesBuildPhase;
			buildActionMask = 2147483647;
			files = (
				18D2A75B2305736E0036C842 /* ContactDemoTests.swift in Sources */,
			);
			runOnlyForDeploymentPostprocessing = 0;
		};
		18D2A75D2305736E0036C842 /* Sources */ = {
			isa = PBXSourcesBuildPhase;
			buildActionMask = 2147483647;
			files = (
				18D2A7662305736E0036C842 /* ContactDemoUITests.swift in Sources */,
			);
			runOnlyForDeploymentPostprocessing = 0;
		};
/* End PBXSourcesBuildPhase section */

/* Begin PBXTargetDependency section */
		18D2A7582305736E0036C842 /* PBXTargetDependency */ = {
			isa = PBXTargetDependency;
			target = 18D2A7412305736D0036C842 /* ContactDemo */;
			targetProxy = 18D2A7572305736E0036C842 /* PBXContainerItemProxy */;
		};
		18D2A7632305736E0036C842 /* PBXTargetDependency */ = {
			isa = PBXTargetDependency;
			target = 18D2A7412305736D0036C842 /* ContactDemo */;
			targetProxy = 18D2A7622305736E0036C842 /* PBXContainerItemProxy */;
		};
/* End PBXTargetDependency section */

/* Begin PBXVariantGroup section */
		18D2A7492305736D0036C842 /* Main.storyboard */ = {
			isa = PBXVariantGroup;
			children = (
				18D2A74A2305736D0036C842 /* Base */,
			);
			name = Main.storyboard;
			sourceTree = "<group>";
		};
		18D2A74E2305736E0036C842 /* LaunchScreen.storyboard */ = {
			isa = PBXVariantGroup;
			children = (
				18D2A74F2305736E0036C842 /* Base */,
			);
			name = LaunchScreen.storyboard;
			sourceTree = "<group>";
		};
/* End PBXVariantGroup section */

/* Begin XCBuildConfiguration section */
		18D2A7682305736E0036C842 /* Debug */ = {
			isa = XCBuildConfiguration;
			buildSettings = {
				ALWAYS_SEARCH_USER_PATHS = NO;
				CLANG_ANALYZER_NONNULL = YES;
				CLANG_ANALYZER_NUMBER_OBJECT_CONVERSION = YES_AGGRESSIVE;
				CLANG_CXX_LANGUAGE_STANDARD = "gnu++14";
				CLANG_CXX_LIBRARY = "libc++";
				CLANG_ENABLE_MODULES = YES;
				CLANG_ENABLE_OBJC_ARC = YES;
				CLANG_ENABLE_OBJC_WEAK = YES;
				CLANG_WARN_BLOCK_CAPTURE_AUTORELEASING = YES;
				CLANG_WARN_BOOL_CONVERSION = YES;
				CLANG_WARN_COMMA = YES;
				CLANG_WARN_CONSTANT_CONVERSION = YES;
				CLANG_WARN_DEPRECATED_OBJC_IMPLEMENTATIONS = YES;
				CLANG_WARN_DIRECT_OBJC_ISA_USAGE = YES_ERROR;
				CLANG_WARN_DOCUMENTATION_COMMENTS = YES;
				CLANG_WARN_EMPTY_BODY = YES;
				CLANG_WARN_ENUM_CONVERSION = YES;
				CLANG_WARN_INFINITE_RECURSION = YES;
				CLANG_WARN_INT_CONVERSION = YES;
				CLANG_WARN_NON_LITERAL_NULL_CONVERSION = YES;
				CLANG_WARN_OBJC_IMPLICIT_RETAIN_SELF = YES;
				CLANG_WARN_OBJC_LITERAL_CONVERSION = YES;
				CLANG_WARN_OBJC_ROOT_CLASS = YES_ERROR;
				CLANG_WARN_RANGE_LOOP_ANALYSIS = YES;
				CLANG_WARN_STRICT_PROTOTYPES = YES;
				CLANG_WARN_SUSPICIOUS_MOVE = YES;
				CLANG_WARN_UNGUARDED_AVAILABILITY = YES_AGGRESSIVE;
				CLANG_WARN_UNREACHABLE_CODE = YES;
				CLANG_WARN__DUPLICATE_METHOD_MATCH = YES;
				CODE_SIGN_IDENTITY = "iPhone Developer";
				COPY_PHASE_STRIP = NO;
				DEBUG_INFORMATION_FORMAT = dwarf;
				ENABLE_STRICT_OBJC_MSGSEND = YES;
				ENABLE_TESTABILITY = YES;
				GCC_C_LANGUAGE_STANDARD = gnu11;
				GCC_DYNAMIC_NO_PIC = NO;
				GCC_NO_COMMON_BLOCKS = YES;
				GCC_OPTIMIZATION_LEVEL = 0;
				GCC_PREPROCESSOR_DEFINITIONS = (
					"DEBUG=1",
					"$(inherited)",
				);
				GCC_WARN_64_TO_32_BIT_CONVERSION = YES;
				GCC_WARN_ABOUT_RETURN_TYPE = YES_ERROR;
				GCC_WARN_UNDECLARED_SELECTOR = YES;
				GCC_WARN_UNINITIALIZED_AUTOS = YES_AGGRESSIVE;
				GCC_WARN_UNUSED_FUNCTION = YES;
				GCC_WARN_UNUSED_VARIABLE = YES;
				IPHONEOS_DEPLOYMENT_TARGET = 12.2;
				MTL_ENABLE_DEBUG_INFO = INCLUDE_SOURCE;
				MTL_FAST_MATH = YES;
				ONLY_ACTIVE_ARCH = YES;
				SDKROOT = iphoneos;
				SWIFT_ACTIVE_COMPILATION_CONDITIONS = DEBUG;
				SWIFT_OPTIMIZATION_LEVEL = "-Onone";
			};
			name = Debug;
		};
		18D2A7692305736E0036C842 /* Release */ = {
			isa = XCBuildConfiguration;
			buildSettings = {
				ALWAYS_SEARCH_USER_PATHS = NO;
				CLANG_ANALYZER_NONNULL = YES;
				CLANG_ANALYZER_NUMBER_OBJECT_CONVERSION = YES_AGGRESSIVE;
				CLANG_CXX_LANGUAGE_STANDARD = "gnu++14";
				CLANG_CXX_LIBRARY = "libc++";
				CLANG_ENABLE_MODULES = YES;
				CLANG_ENABLE_OBJC_ARC = YES;
				CLANG_ENABLE_OBJC_WEAK = YES;
				CLANG_WARN_BLOCK_CAPTURE_AUTORELEASING = YES;
				CLANG_WARN_BOOL_CONVERSION = YES;
				CLANG_WARN_COMMA = YES;
				CLANG_WARN_CONSTANT_CONVERSION = YES;
				CLANG_WARN_DEPRECATED_OBJC_IMPLEMENTATIONS = YES;
				CLANG_WARN_DIRECT_OBJC_ISA_USAGE = YES_ERROR;
				CLANG_WARN_DOCUMENTATION_COMMENTS = YES;
				CLANG_WARN_EMPTY_BODY = YES;
				CLANG_WARN_ENUM_CONVERSION = YES;
				CLANG_WARN_INFINITE_RECURSION = YES;
				CLANG_WARN_INT_CONVERSION = YES;
				CLANG_WARN_NON_LITERAL_NULL_CONVERSION = YES;
				CLANG_WARN_OBJC_IMPLICIT_RETAIN_SELF = YES;
				CLANG_WARN_OBJC_LITERAL_CONVERSION = YES;
				CLANG_WARN_OBJC_ROOT_CLASS = YES_ERROR;
				CLANG_WARN_RANGE_LOOP_ANALYSIS = YES;
				CLANG_WARN_STRICT_PROTOTYPES = YES;
				CLANG_WARN_SUSPICIOUS_MOVE = YES;
				CLANG_WARN_UNGUARDED_AVAILABILITY = YES_AGGRESSIVE;
				CLANG_WARN_UNREACHABLE_CODE = YES;
				CLANG_WARN__DUPLICATE_METHOD_MATCH = YES;
				CODE_SIGN_IDENTITY = "iPhone Developer";
				COPY_PHASE_STRIP = NO;
				DEBUG_INFORMATION_FORMAT = "dwarf-with-dsym";
				ENABLE_NS_ASSERTIONS = NO;
				ENABLE_STRICT_OBJC_MSGSEND = YES;
				GCC_C_LANGUAGE_STANDARD = gnu11;
				GCC_NO_COMMON_BLOCKS = YES;
				GCC_WARN_64_TO_32_BIT_CONVERSION = YES;
				GCC_WARN_ABOUT_RETURN_TYPE = YES_ERROR;
				GCC_WARN_UNDECLARED_SELECTOR = YES;
				GCC_WARN_UNINITIALIZED_AUTOS = YES_AGGRESSIVE;
				GCC_WARN_UNUSED_FUNCTION = YES;
				GCC_WARN_UNUSED_VARIABLE = YES;
				IPHONEOS_DEPLOYMENT_TARGET = 12.2;
				MTL_ENABLE_DEBUG_INFO = NO;
				MTL_FAST_MATH = YES;
				SDKROOT = iphoneos;
				SWIFT_COMPILATION_MODE = wholemodule;
				SWIFT_OPTIMIZATION_LEVEL = "-O";
				VALIDATE_PRODUCT = YES;
			};
			name = Release;
		};
		18D2A76B2305736E0036C842 /* Debug */ = {
			isa = XCBuildConfiguration;
			buildSettings = {
				ASSETCATALOG_COMPILER_APPICON_NAME = AppIcon;
				CODE_SIGN_STYLE = Automatic;
				DEVELOPMENT_TEAM = 2Y7589SCCA;
				INFOPLIST_FILE = ContactDemo/Info.plist;
				LD_RUNPATH_SEARCH_PATHS = (
					"$(inherited)",
					"@executable_path/Frameworks",
				);
				PRODUCT_BUNDLE_IDENTIFIER = com.shivam.ContactDemo;
				PRODUCT_NAME = "$(TARGET_NAME)";
				SWIFT_VERSION = 5.0;
				TARGETED_DEVICE_FAMILY = "1,2";
			};
			name = Debug;
		};
		18D2A76C2305736E0036C842 /* Release */ = {
			isa = XCBuildConfiguration;
			buildSettings = {
				ASSETCATALOG_COMPILER_APPICON_NAME = AppIcon;
				CODE_SIGN_STYLE = Automatic;
				DEVELOPMENT_TEAM = 2Y7589SCCA;
				INFOPLIST_FILE = ContactDemo/Info.plist;
				LD_RUNPATH_SEARCH_PATHS = (
					"$(inherited)",
					"@executable_path/Frameworks",
				);
				PRODUCT_BUNDLE_IDENTIFIER = com.shivam.ContactDemo;
				PRODUCT_NAME = "$(TARGET_NAME)";
				SWIFT_VERSION = 5.0;
				TARGETED_DEVICE_FAMILY = "1,2";
			};
			name = Release;
		};
		18D2A76E2305736E0036C842 /* Debug */ = {
			isa = XCBuildConfiguration;
			buildSettings = {
				ALWAYS_EMBED_SWIFT_STANDARD_LIBRARIES = YES;
				BUNDLE_LOADER = "$(TEST_HOST)";
				CODE_SIGN_STYLE = Automatic;
				DEVELOPMENT_TEAM = 2Y7589SCCA;
				INFOPLIST_FILE = ContactDemoTests/Info.plist;
				LD_RUNPATH_SEARCH_PATHS = (
					"$(inherited)",
					"@executable_path/Frameworks",
					"@loader_path/Frameworks",
				);
				PRODUCT_BUNDLE_IDENTIFIER = com.shivam.ContactDemoTests;
				PRODUCT_NAME = "$(TARGET_NAME)";
				SWIFT_VERSION = 5.0;
				TARGETED_DEVICE_FAMILY = "1,2";
				TEST_HOST = "$(BUILT_PRODUCTS_DIR)/ContactDemo.app/ContactDemo";
			};
			name = Debug;
		};
		18D2A76F2305736E0036C842 /* Release */ = {
			isa = XCBuildConfiguration;
			buildSettings = {
				ALWAYS_EMBED_SWIFT_STANDARD_LIBRARIES = YES;
				BUNDLE_LOADER = "$(TEST_HOST)";
				CODE_SIGN_STYLE = Automatic;
				DEVELOPMENT_TEAM = 2Y7589SCCA;
				INFOPLIST_FILE = ContactDemoTests/Info.plist;
				LD_RUNPATH_SEARCH_PATHS = (
					"$(inherited)",
					"@executable_path/Frameworks",
					"@loader_path/Frameworks",
				);
				PRODUCT_BUNDLE_IDENTIFIER = com.shivam.ContactDemoTests;
				PRODUCT_NAME = "$(TARGET_NAME)";
				SWIFT_VERSION = 5.0;
				TARGETED_DEVICE_FAMILY = "1,2";
				TEST_HOST = "$(BUILT_PRODUCTS_DIR)/ContactDemo.app/ContactDemo";
			};
			name = Release;
		};
		18D2A7712305736E0036C842 /* Debug */ = {
			isa = XCBuildConfiguration;
			buildSettings = {
				ALWAYS_EMBED_SWIFT_STANDARD_LIBRARIES = YES;
				CODE_SIGN_STYLE = Automatic;
				DEVELOPMENT_TEAM = 2Y7589SCCA;
				INFOPLIST_FILE = ContactDemoUITests/Info.plist;
				LD_RUNPATH_SEARCH_PATHS = (
					"$(inherited)",
					"@executable_path/Frameworks",
					"@loader_path/Frameworks",
				);
				PRODUCT_BUNDLE_IDENTIFIER = com.shivam.ContactDemoUITests;
				PRODUCT_NAME = "$(TARGET_NAME)";
				SWIFT_VERSION = 5.0;
				TARGETED_DEVICE_FAMILY = "1,2";
				TEST_TARGET_NAME = ContactDemo;
			};
			name = Debug;
		};
		18D2A7722305736E0036C842 /* Release */ = {
			isa = XCBuildConfiguration;
			buildSettings = {
				ALWAYS_EMBED_SWIFT_STANDARD_LIBRARIES = YES;
				CODE_SIGN_STYLE = Automatic;
				DEVELOPMENT_TEAM = 2Y7589SCCA;
				INFOPLIST_FILE = ContactDemoUITests/Info.plist;
				LD_RUNPATH_SEARCH_PATHS = (
					"$(inherited)",
					"@executable_path/Frameworks",
					"@loader_path/Frameworks",
				);
				PRODUCT_BUNDLE_IDENTIFIER = com.shivam.ContactDemoUITests;
				PRODUCT_NAME = "$(TARGET_NAME)";
				SWIFT_VERSION = 5.0;
				TARGETED_DEVICE_FAMILY = "1,2";
				TEST_TARGET_NAME = ContactDemo;
			};
			name = Release;
		};
/* End XCBuildConfiguration section */

/* Begin XCConfigurationList section */
		18D2A73D2305736D0036C842 /* Build configuration list for PBXProject "ContactDemo" */ = {
			isa = XCConfigurationList;
			buildConfigurations = (
				18D2A7682305736E0036C842 /* Debug */,
				18D2A7692305736E0036C842 /* Release */,
			);
			defaultConfigurationIsVisible = 0;
			defaultConfigurationName = Release;
		};
		18D2A76A2305736E0036C842 /* Build configuration list for PBXNativeTarget "ContactDemo" */ = {
			isa = XCConfigurationList;
			buildConfigurations = (
				18D2A76B2305736E0036C842 /* Debug */,
				18D2A76C2305736E0036C842 /* Release */,
			);
			defaultConfigurationIsVisible = 0;
			defaultConfigurationName = Release;
		};
		18D2A76D2305736E0036C842 /* Build configuration list for PBXNativeTarget "ContactDemoTests" */ = {
			isa = XCConfigurationList;
			buildConfigurations = (
				18D2A76E2305736E0036C842 /* Debug */,
				18D2A76F2305736E0036C842 /* Release */,
			);
			defaultConfigurationIsVisible = 0;
			defaultConfigurationName = Release;
		};
		18D2A7702305736E0036C842 /* Build configuration list for PBXNativeTarget "ContactDemoUITests" */ = {
			isa = XCConfigurationList;
			buildConfigurations = (
				18D2A7712305736E0036C842 /* Debug */,
				18D2A7722305736E0036C842 /* Release */,
			);
			defaultConfigurationIsVisible = 0;
			defaultConfigurationName = Release;
		};
/* End XCConfigurationList section */
	};
	rootObject = 18D2A73A2305736D0036C842 /* Project object */;
}
